// !$*UTF8*$!
{
	archiveVersion = 1;
	classes = {
	};
	objectVersion = 50;
	objects = {

/* Begin PBXBuildFile section */
		166F8B0E2295E1C5002C7EE8 /* AppDelegate.m in Sources */ = {isa = PBXBuildFile; fileRef = 166F8B0D2295E1C5002C7EE8 /* AppDelegate.m */; };
		166F8B142295E1C5002C7EE8 /* Main.storyboard in Resources */ = {isa = PBXBuildFile; fileRef = 166F8B122295E1C5002C7EE8 /* Main.storyboard */; };
		166F8B162295E1C5002C7EE8 /* Assets.xcassets in Resources */ = {isa = PBXBuildFile; fileRef = 166F8B152295E1C5002C7EE8 /* Assets.xcassets */; };
		166F8B192295E1C5002C7EE8 /* LaunchScreen.storyboard in Resources */ = {isa = PBXBuildFile; fileRef = 166F8B172295E1C5002C7EE8 /* LaunchScreen.storyboard */; };
		166F8B1C2295E1C5002C7EE8 /* main.m in Sources */ = {isa = PBXBuildFile; fileRef = 166F8B1B2295E1C5002C7EE8 /* main.m */; };
		166F8B252295E203002C7EE8 /* LECBreed.m in Sources */ = {isa = PBXBuildFile; fileRef = 166F8B242295E203002C7EE8 /* LECBreed.m */; };
		166F8B282295E223002C7EE8 /* LECSubBreed.m in Sources */ = {isa = PBXBuildFile; fileRef = 166F8B272295E223002C7EE8 /* LECSubBreed.m */; };
		166F8B2D2295E8C8002C7EE8 /* LaunchScreen.storyboard in Resources */ = {isa = PBXBuildFile; fileRef = 166F8B2C2295E8C8002C7EE8 /* LaunchScreen.storyboard */; };
		166F8B302295EFC3002C7EE8 /* LECBreedNetworking.m in Sources */ = {isa = PBXBuildFile; fileRef = 166F8B2F2295EFC3002C7EE8 /* LECBreedNetworking.m */; };
		16D1C5E62297406B00370AE2 /* LECBreedListTableViewController.m in Sources */ = {isa = PBXBuildFile; fileRef = 16D1C5E52297406B00370AE2 /* LECBreedListTableViewController.m */; };
		16D1C5EA2297415300370AE2 /* LECSubBreedListTableViewController.m in Sources */ = {isa = PBXBuildFile; fileRef = 16D1C5E92297415200370AE2 /* LECSubBreedListTableViewController.m */; };
		16D1C5F0229741DE00370AE2 /* LECImagesCollectionViewController.m in Sources */ = {isa = PBXBuildFile; fileRef = 16D1C5EF229741DE00370AE2 /* LECImagesCollectionViewController.m */; };
		16D1C5F32297420500370AE2 /* DetailViewController.swift in Sources */ = {isa = PBXBuildFile; fileRef = 16D1C5F22297420500370AE2 /* DetailViewController.swift */; };
		16D1C5FA2297529700370AE2 /* LECImageCollectionViewCell.m in Sources */ = {isa = PBXBuildFile; fileRef = 16D1C5F92297529700370AE2 /* LECImageCollectionViewCell.m */; };
/* End PBXBuildFile section */

/* Begin PBXFileReference section */
		166F8B092295E1C5002C7EE8 /* DoggoApp-objC.app */ = {isa = PBXFileReference; explicitFileType = wrapper.application; includeInIndex = 0; path = "DoggoApp-objC.app"; sourceTree = BUILT_PRODUCTS_DIR; };
		166F8B0C2295E1C5002C7EE8 /* AppDelegate.h */ = {isa = PBXFileReference; lastKnownFileType = sourcecode.c.h; path = AppDelegate.h; sourceTree = "<group>"; };
		166F8B0D2295E1C5002C7EE8 /* AppDelegate.m */ = {isa = PBXFileReference; lastKnownFileType = sourcecode.c.objc; path = AppDelegate.m; sourceTree = "<group>"; };
		166F8B132295E1C5002C7EE8 /* Base */ = {isa = PBXFileReference; lastKnownFileType = file.storyboard; name = Base; path = Base.lproj/Main.storyboard; sourceTree = "<group>"; };
		166F8B152295E1C5002C7EE8 /* Assets.xcassets */ = {isa = PBXFileReference; lastKnownFileType = folder.assetcatalog; path = Assets.xcassets; sourceTree = "<group>"; };
		166F8B182295E1C5002C7EE8 /* Base */ = {isa = PBXFileReference; lastKnownFileType = file.storyboard; name = Base; path = Base.lproj/LaunchScreen.storyboard; sourceTree = "<group>"; };
		166F8B1A2295E1C5002C7EE8 /* Info.plist */ = {isa = PBXFileReference; lastKnownFileType = text.plist.xml; path = Info.plist; sourceTree = "<group>"; };
		166F8B1B2295E1C5002C7EE8 /* main.m */ = {isa = PBXFileReference; lastKnownFileType = sourcecode.c.objc; path = main.m; sourceTree = "<group>"; };
		166F8B232295E203002C7EE8 /* LECBreed.h */ = {isa = PBXFileReference; lastKnownFileType = sourcecode.c.h; path = LECBreed.h; sourceTree = "<group>"; };
		166F8B242295E203002C7EE8 /* LECBreed.m */ = {isa = PBXFileReference; lastKnownFileType = sourcecode.c.objc; path = LECBreed.m; sourceTree = "<group>"; };
		166F8B262295E223002C7EE8 /* LECSubBreed.h */ = {isa = PBXFileReference; lastKnownFileType = sourcecode.c.h; path = LECSubBreed.h; sourceTree = "<group>"; };
		166F8B272295E223002C7EE8 /* LECSubBreed.m */ = {isa = PBXFileReference; lastKnownFileType = sourcecode.c.objc; path = LECSubBreed.m; sourceTree = "<group>"; };
		166F8B2C2295E8C8002C7EE8 /* LaunchScreen.storyboard */ = {isa = PBXFileReference; lastKnownFileType = file.storyboard; path = LaunchScreen.storyboard; sourceTree = "<group>"; };
		166F8B2E2295EFC3002C7EE8 /* LECBreedNetworking.h */ = {isa = PBXFileReference; lastKnownFileType = sourcecode.c.h; path = LECBreedNetworking.h; sourceTree = "<group>"; };
		166F8B2F2295EFC3002C7EE8 /* LECBreedNetworking.m */ = {isa = PBXFileReference; lastKnownFileType = sourcecode.c.objc; path = LECBreedNetworking.m; sourceTree = "<group>"; };
		16D1C5E42297406B00370AE2 /* LECBreedListTableViewController.h */ = {isa = PBXFileReference; lastKnownFileType = sourcecode.c.h; path = LECBreedListTableViewController.h; sourceTree = "<group>"; };
		16D1C5E52297406B00370AE2 /* LECBreedListTableViewController.m */ = {isa = PBXFileReference; lastKnownFileType = sourcecode.c.objc; path = LECBreedListTableViewController.m; sourceTree = "<group>"; };
		16D1C5E82297415200370AE2 /* LECSubBreedListTableViewController.h */ = {isa = PBXFileReference; lastKnownFileType = sourcecode.c.h; path = LECSubBreedListTableViewController.h; sourceTree = "<group>"; };
		16D1C5E92297415200370AE2 /* LECSubBreedListTableViewController.m */ = {isa = PBXFileReference; lastKnownFileType = sourcecode.c.objc; path = LECSubBreedListTableViewController.m; sourceTree = "<group>"; };
		16D1C5EE229741DE00370AE2 /* LECImagesCollectionViewController.h */ = {isa = PBXFileReference; lastKnownFileType = sourcecode.c.h; path = LECImagesCollectionViewController.h; sourceTree = "<group>"; };
		16D1C5EF229741DE00370AE2 /* LECImagesCollectionViewController.m */ = {isa = PBXFileReference; lastKnownFileType = sourcecode.c.objc; path = LECImagesCollectionViewController.m; sourceTree = "<group>"; };
		16D1C5F12297420500370AE2 /* DoggoApp-objC-Bridging-Header.h */ = {isa = PBXFileReference; lastKnownFileType = sourcecode.c.h; path = "DoggoApp-objC-Bridging-Header.h"; sourceTree = "<group>"; };
		16D1C5F22297420500370AE2 /* DetailViewController.swift */ = {isa = PBXFileReference; lastKnownFileType = sourcecode.swift; path = DetailViewController.swift; sourceTree = "<group>"; };
		16D1C5F82297529700370AE2 /* LECImageCollectionViewCell.h */ = {isa = PBXFileReference; lastKnownFileType = sourcecode.c.h; path = LECImageCollectionViewCell.h; sourceTree = "<group>"; };
		16D1C5F92297529700370AE2 /* LECImageCollectionViewCell.m */ = {isa = PBXFileReference; lastKnownFileType = sourcecode.c.objc; path = LECImageCollectionViewCell.m; sourceTree = "<group>"; };
/* End PBXFileReference section */

/* Begin PBXFrameworksBuildPhase section */
		166F8B062295E1C5002C7EE8 /* Frameworks */ = {
			isa = PBXFrameworksBuildPhase;
			buildActionMask = 2147483647;
			files = (
			);
			runOnlyForDeploymentPostprocessing = 0;
		};
/* End PBXFrameworksBuildPhase section */

/* Begin PBXGroup section */
		166F8B002295E1C5002C7EE8 = {
			isa = PBXGroup;
			children = (
				166F8B0B2295E1C5002C7EE8 /* DoggoApp-objC */,
				166F8B0A2295E1C5002C7EE8 /* Products */,
				166F8B222295E1D5002C7EE8 /* Resources */,
			);
			sourceTree = "<group>";
		};
		166F8B0A2295E1C5002C7EE8 /* Products */ = {
			isa = PBXGroup;
			children = (
				166F8B092295E1C5002C7EE8 /* DoggoApp-objC.app */,
			);
			name = Products;
			sourceTree = "<group>";
		};
		166F8B0B2295E1C5002C7EE8 /* DoggoApp-objC */ = {
			isa = PBXGroup;
			children = (
				166F8B292295E22B002C7EE8 /* Model */,
				166F8B312295EFCC002C7EE8 /* Networking */,
				166F8B2A2295E234002C7EE8 /* View */,
				16D1C5E72297413500370AE2 /* View Controllers */,
			);
			path = "DoggoApp-objC";
			sourceTree = "<group>";
		};
		166F8B222295E1D5002C7EE8 /* Resources */ = {
			isa = PBXGroup;
			children = (
				166F8B0C2295E1C5002C7EE8 /* AppDelegate.h */,
				166F8B0D2295E1C5002C7EE8 /* AppDelegate.m */,
				166F8B152295E1C5002C7EE8 /* Assets.xcassets */,
				166F8B172295E1C5002C7EE8 /* LaunchScreen.storyboard */,
				166F8B1A2295E1C5002C7EE8 /* Info.plist */,
				166F8B1B2295E1C5002C7EE8 /* main.m */,
			);
			path = Resources;
			sourceTree = "<group>";
		};
		166F8B292295E22B002C7EE8 /* Model */ = {
			isa = PBXGroup;
			children = (
				166F8B232295E203002C7EE8 /* LECBreed.h */,
				166F8B242295E203002C7EE8 /* LECBreed.m */,
				166F8B262295E223002C7EE8 /* LECSubBreed.h */,
				166F8B272295E223002C7EE8 /* LECSubBreed.m */,
			);
			path = Model;
			sourceTree = "<group>";
		};
		166F8B2A2295E234002C7EE8 /* View */ = {
			isa = PBXGroup;
			children = (
				166F8B2C2295E8C8002C7EE8 /* LaunchScreen.storyboard */,
				166F8B122295E1C5002C7EE8 /* Main.storyboard */,
				16D1C5F82297529700370AE2 /* LECImageCollectionViewCell.h */,
				16D1C5F92297529700370AE2 /* LECImageCollectionViewCell.m */,
			);
			path = View;
			sourceTree = "<group>";
		};
		166F8B312295EFCC002C7EE8 /* Networking */ = {
			isa = PBXGroup;
			children = (
				166F8B2E2295EFC3002C7EE8 /* LECBreedNetworking.h */,
				166F8B2F2295EFC3002C7EE8 /* LECBreedNetworking.m */,
			);
			path = Networking;
			sourceTree = "<group>";
		};
		16D1C5E72297413500370AE2 /* View Controllers */ = {
			isa = PBXGroup;
			children = (
				16D1C5E42297406B00370AE2 /* LECBreedListTableViewController.h */,
				16D1C5E52297406B00370AE2 /* LECBreedListTableViewController.m */,
				16D1C5E82297415200370AE2 /* LECSubBreedListTableViewController.h */,
				16D1C5E92297415200370AE2 /* LECSubBreedListTableViewController.m */,
				16D1C5EE229741DE00370AE2 /* LECImagesCollectionViewController.h */,
				16D1C5EF229741DE00370AE2 /* LECImagesCollectionViewController.m */,
				16D1C5F22297420500370AE2 /* DetailViewController.swift */,
				16D1C5F12297420500370AE2 /* DoggoApp-objC-Bridging-Header.h */,
			);
			path = "View Controllers";
			sourceTree = "<group>";
		};
/* End PBXGroup section */

/* Begin PBXNativeTarget section */
		166F8B082295E1C5002C7EE8 /* DoggoApp-objC */ = {
			isa = PBXNativeTarget;
			buildConfigurationList = 166F8B1F2295E1C5002C7EE8 /* Build configuration list for PBXNativeTarget "DoggoApp-objC" */;
			buildPhases = (
				166F8B052295E1C5002C7EE8 /* Sources */,
				166F8B062295E1C5002C7EE8 /* Frameworks */,
				166F8B072295E1C5002C7EE8 /* Resources */,
			);
			buildRules = (
			);
			dependencies = (
			);
			name = "DoggoApp-objC";
			productName = "DoggoApp-objC";
			productReference = 166F8B092295E1C5002C7EE8 /* DoggoApp-objC.app */;
			productType = "com.apple.product-type.application";
		};
/* End PBXNativeTarget section */

/* Begin PBXProject section */
		166F8B012295E1C5002C7EE8 /* Project object */ = {
			isa = PBXProject;
			attributes = {
				CLASSPREFIX = LEC;
				LastUpgradeCheck = 1020;
				ORGANIZATIONNAME = "Leah Cluff";
				TargetAttributes = {
					166F8B082295E1C5002C7EE8 = {
						CreatedOnToolsVersion = 10.2.1;
						LastSwiftMigration = 1020;
					};
				};
			};
			buildConfigurationList = 166F8B042295E1C5002C7EE8 /* Build configuration list for PBXProject "DoggoApp-objC" */;
			compatibilityVersion = "Xcode 9.3";
			developmentRegion = en;
			hasScannedForEncodings = 0;
			knownRegions = (
				en,
				Base,
			);
			mainGroup = 166F8B002295E1C5002C7EE8;
			productRefGroup = 166F8B0A2295E1C5002C7EE8 /* Products */;
			projectDirPath = "";
			projectRoot = "";
			targets = (
				166F8B082295E1C5002C7EE8 /* DoggoApp-objC */,
			);
		};
/* End PBXProject section */

/* Begin PBXResourcesBuildPhase section */
		166F8B072295E1C5002C7EE8 /* Resources */ = {
			isa = PBXResourcesBuildPhase;
			buildActionMask = 2147483647;
			files = (
				166F8B192295E1C5002C7EE8 /* LaunchScreen.storyboard in Resources */,
				166F8B2D2295E8C8002C7EE8 /* LaunchScreen.storyboard in Resources */,
				166F8B162295E1C5002C7EE8 /* Assets.xcassets in Resources */,
				166F8B142295E1C5002C7EE8 /* Main.storyboard in Resources */,
			);
			runOnlyForDeploymentPostprocessing = 0;
		};
/* End PBXResourcesBuildPhase section */

/* Begin PBXSourcesBuildPhase section */
		166F8B052295E1C5002C7EE8 /* Sources */ = {
			isa = PBXSourcesBuildPhase;
			buildActionMask = 2147483647;
			files = (
				16D1C5F32297420500370AE2 /* DetailViewController.swift in Sources */,
				16D1C5EA2297415300370AE2 /* LECSubBreedListTableViewController.m in Sources */,
				166F8B302295EFC3002C7EE8 /* LECBreedNetworking.m in Sources */,
				16D1C5E62297406B00370AE2 /* LECBreedListTableViewController.m in Sources */,
				16D1C5F0229741DE00370AE2 /* LECImagesCollectionViewController.m in Sources */,
				166F8B1C2295E1C5002C7EE8 /* main.m in Sources */,
				166F8B0E2295E1C5002C7EE8 /* AppDelegate.m in Sources */,
				16D1C5FA2297529700370AE2 /* LECImageCollectionViewCell.m in Sources */,
				166F8B252295E203002C7EE8 /* LECBreed.m in Sources */,
				166F8B282295E223002C7EE8 /* LECSubBreed.m in Sources */,
			);
			runOnlyForDeploymentPostprocessing = 0;
		};
/* End PBXSourcesBuildPhase section */

/* Begin PBXVariantGroup section */
		166F8B122295E1C5002C7EE8 /* Main.storyboard */ = {
			isa = PBXVariantGroup;
			children = (
				166F8B132295E1C5002C7EE8 /* Base */,
			);
			name = Main.storyboard;
			sourceTree = "<group>";
		};
		166F8B172295E1C5002C7EE8 /* LaunchScreen.storyboard */ = {
			isa = PBXVariantGroup;
			children = (
				166F8B182295E1C5002C7EE8 /* Base */,
			);
			name = LaunchScreen.storyboard;
			sourceTree = "<group>";
		};
/* End PBXVariantGroup section */

/* Begin XCBuildConfiguration section */
		166F8B1D2295E1C5002C7EE8 /* Debug */ = {
			isa = XCBuildConfiguration;
			buildSettings = {
				ALWAYS_SEARCH_USER_PATHS = NO;
				CLANG_ANALYZER_NONNULL = YES;
				CLANG_ANALYZER_NUMBER_OBJECT_CONVERSION = YES_AGGRESSIVE;
				CLANG_CXX_LANGUAGE_STANDARD = "gnu++14";
				CLANG_CXX_LIBRARY = "libc++";
				CLANG_ENABLE_MODULES = YES;
				CLANG_ENABLE_OBJC_ARC = YES;
				CLANG_ENABLE_OBJC_WEAK = YES;
				CLANG_WARN_BLOCK_CAPTURE_AUTORELEASING = YES;
				CLANG_WARN_BOOL_CONVERSION = YES;
				CLANG_WARN_COMMA = YES;
				CLANG_WARN_CONSTANT_CONVERSION = YES;
				CLANG_WARN_DEPRECATED_OBJC_IMPLEMENTATIONS = YES;
				CLANG_WARN_DIRECT_OBJC_ISA_USAGE = YES_ERROR;
				CLANG_WARN_DOCUMENTATION_COMMENTS = YES;
				CLANG_WARN_EMPTY_BODY = YES;
				CLANG_WARN_ENUM_CONVERSION = YES;
				CLANG_WARN_INFINITE_RECURSION = YES;
				CLANG_WARN_INT_CONVERSION = YES;
				CLANG_WARN_NON_LITERAL_NULL_CONVERSION = YES;
				CLANG_WARN_OBJC_IMPLICIT_RETAIN_SELF = YES;
				CLANG_WARN_OBJC_LITERAL_CONVERSION = YES;
				CLANG_WARN_OBJC_ROOT_CLASS = YES_ERROR;
				CLANG_WARN_RANGE_LOOP_ANALYSIS = YES;
				CLANG_WARN_STRICT_PROTOTYPES = YES;
				CLANG_WARN_SUSPICIOUS_MOVE = YES;
				CLANG_WARN_UNGUARDED_AVAILABILITY = YES_AGGRESSIVE;
				CLANG_WARN_UNREACHABLE_CODE = YES;
				CLANG_WARN__DUPLICATE_METHOD_MATCH = YES;
				CODE_SIGN_IDENTITY = "iPhone Developer";
				COPY_PHASE_STRIP = NO;
				DEBUG_INFORMATION_FORMAT = dwarf;
				ENABLE_STRICT_OBJC_MSGSEND = YES;
				ENABLE_TESTABILITY = YES;
				GCC_C_LANGUAGE_STANDARD = gnu11;
				GCC_DYNAMIC_NO_PIC = NO;
				GCC_NO_COMMON_BLOCKS = YES;
				GCC_OPTIMIZATION_LEVEL = 0;
				GCC_PREPROCESSOR_DEFINITIONS = (
					"DEBUG=1",
					"$(inherited)",
				);
				GCC_WARN_64_TO_32_BIT_CONVERSION = YES;
				GCC_WARN_ABOUT_RETURN_TYPE = YES_ERROR;
				GCC_WARN_UNDECLARED_SELECTOR = YES;
				GCC_WARN_UNINITIALIZED_AUTOS = YES_AGGRESSIVE;
				GCC_WARN_UNUSED_FUNCTION = YES;
				GCC_WARN_UNUSED_VARIABLE = YES;
				IPHONEOS_DEPLOYMENT_TARGET = 12.2;
				MTL_ENABLE_DEBUG_INFO = INCLUDE_SOURCE;
				MTL_FAST_MATH = YES;
				ONLY_ACTIVE_ARCH = YES;
				SDKROOT = iphoneos;
			};
			name = Debug;
		};
		166F8B1E2295E1C5002C7EE8 /* Release */ = {
			isa = XCBuildConfiguration;
			buildSettings = {
				ALWAYS_SEARCH_USER_PATHS = NO;
				CLANG_ANALYZER_NONNULL = YES;
				CLANG_ANALYZER_NUMBER_OBJECT_CONVERSION = YES_AGGRESSIVE;
				CLANG_CXX_LANGUAGE_STANDARD = "gnu++14";
				CLANG_CXX_LIBRARY = "libc++";
				CLANG_ENABLE_MODULES = YES;
				CLANG_ENABLE_OBJC_ARC = YES;
				CLANG_ENABLE_OBJC_WEAK = YES;
				CLANG_WARN_BLOCK_CAPTURE_AUTORELEASING = YES;
				CLANG_WARN_BOOL_CONVERSION = YES;
				CLANG_WARN_COMMA = YES;
				CLANG_WARN_CONSTANT_CONVERSION = YES;
				CLANG_WARN_DEPRECATED_OBJC_IMPLEMENTATIONS = YES;
				CLANG_WARN_DIRECT_OBJC_ISA_USAGE = YES_ERROR;
				CLANG_WARN_DOCUMENTATION_COMMENTS = YES;
				CLANG_WARN_EMPTY_BODY = YES;
				CLANG_WARN_ENUM_CONVERSION = YES;
				CLANG_WARN_INFINITE_RECURSION = YES;
				CLANG_WARN_INT_CONVERSION = YES;
				CLANG_WARN_NON_LITERAL_NULL_CONVERSION = YES;
				CLANG_WARN_OBJC_IMPLICIT_RETAIN_SELF = YES;
				CLANG_WARN_OBJC_LITERAL_CONVERSION = YES;
				CLANG_WARN_OBJC_ROOT_CLASS = YES_ERROR;
				CLANG_WARN_RANGE_LOOP_ANALYSIS = YES;
				CLANG_WARN_STRICT_PROTOTYPES = YES;
				CLANG_WARN_SUSPICIOUS_MOVE = YES;
				CLANG_WARN_UNGUARDED_AVAILABILITY = YES_AGGRESSIVE;
				CLANG_WARN_UNREACHABLE_CODE = YES;
				CLANG_WARN__DUPLICATE_METHOD_MATCH = YES;
				CODE_SIGN_IDENTITY = "iPhone Developer";
				COPY_PHASE_STRIP = NO;
				DEBUG_INFORMATION_FORMAT = "dwarf-with-dsym";
				ENABLE_NS_ASSERTIONS = NO;
				ENABLE_STRICT_OBJC_MSGSEND = YES;
				GCC_C_LANGUAGE_STANDARD = gnu11;
				GCC_NO_COMMON_BLOCKS = YES;
				GCC_WARN_64_TO_32_BIT_CONVERSION = YES;
				GCC_WARN_ABOUT_RETURN_TYPE = YES_ERROR;
				GCC_WARN_UNDECLARED_SELECTOR = YES;
				GCC_WARN_UNINITIALIZED_AUTOS = YES_AGGRESSIVE;
				GCC_WARN_UNUSED_FUNCTION = YES;
				GCC_WARN_UNUSED_VARIABLE = YES;
				IPHONEOS_DEPLOYMENT_TARGET = 12.2;
				MTL_ENABLE_DEBUG_INFO = NO;
				MTL_FAST_MATH = YES;
				SDKROOT = iphoneos;
				VALIDATE_PRODUCT = YES;
			};
			name = Release;
		};
		166F8B202295E1C5002C7EE8 /* Debug */ = {
			isa = XCBuildConfiguration;
			buildSettings = {
				ASSETCATALOG_COMPILER_APPICON_NAME = AppIcon;
				CLANG_ENABLE_MODULES = YES;
				CODE_SIGN_STYLE = Automatic;
				INFOPLIST_FILE = "$(SRCROOT)/Resources/Info.plist";
				LD_RUNPATH_SEARCH_PATHS = (
					"$(inherited)",
					"@executable_path/Frameworks",
				);
				PRODUCT_BUNDLE_IDENTIFIER = "Leah-Cluff.DoggoApp-objC";
				PRODUCT_NAME = "$(TARGET_NAME)";
				SWIFT_OBJC_BRIDGING_HEADER = "DoggoApp-objC/View Controllers/DoggoApp-objC-Bridging-Header.h";
				SWIFT_OPTIMIZATION_LEVEL = "-Onone";
				SWIFT_VERSION = 5.0;
				TARGETED_DEVICE_FAMILY = "1,2";
			};
			name = Debug;
		};
		166F8B212295E1C5002C7EE8 /* Release */ = {
			isa = XCBuildConfiguration;
			buildSettings = {
				ASSETCATALOG_COMPILER_APPICON_NAME = AppIcon;
				CLANG_ENABLE_MODULES = YES;
				CODE_SIGN_STYLE = Automatic;
				INFOPLIST_FILE = "$(SRCROOT)/Resources/Info.plist";
				LD_RUNPATH_SEARCH_PATHS = (
					"$(inherited)",
					"@executable_path/Frameworks",
				);
				PRODUCT_BUNDLE_IDENTIFIER = "Leah-Cluff.DoggoApp-objC";
				PRODUCT_NAME = "$(TARGET_NAME)";
				SWIFT_OBJC_BRIDGING_HEADER = "DoggoApp-objC/View Controllers/DoggoApp-objC-Bridging-Header.h";
				SWIFT_VERSION = 5.0;
				TARGETED_DEVICE_FAMILY = "1,2";
			};
			name = Release;
		};
/* End XCBuildConfiguration section */

/* Begin XCConfigurationList section */
		166F8B042295E1C5002C7EE8 /* Build configuration list for PBXProject "DoggoApp-objC" */ = {
			isa = XCConfigurationList;
			buildConfigurations = (
				166F8B1D2295E1C5002C7EE8 /* Debug */,
				166F8B1E2295E1C5002C7EE8 /* Release */,
			);
			defaultConfigurationIsVisible = 0;
			defaultConfigurationName = Release;
		};
		166F8B1F2295E1C5002C7EE8 /* Build configuration list for PBXNativeTarget "DoggoApp-objC" */ = {
			isa = XCConfigurationList;
			buildConfigurations = (
				166F8B202295E1C5002C7EE8 /* Debug */,
				166F8B212295E1C5002C7EE8 /* Release */,
			);
			defaultConfigurationIsVisible = 0;
			defaultConfigurationName = Release;
		};
/* End XCConfigurationList section */
	};
	rootObject = 166F8B012295E1C5002C7EE8 /* Project object */;
}
